
Microsoft Visual Studio Solution File, Format Version 12.00
# Visual Studio Version 16
VisualStudioVersion = 16.0.28803.202
MinimumVisualStudioVersion = 10.0.40219.1
Project("{FAE04EC0-301F-11D3-BF4B-00C04F79EFBC}") = "CodeSanook30", "CodeSanook30\CodeSanook30.csproj", "{710A07D2-9BC7-4B99-A3A7-7FB1339E8A11}"
EndProject
Global
	GlobalSection(SolutionConfigurationPlatforms) = preSolution
		Debug|Any CPU = Debug|Any CPU
		Release|Any CPU = Release|Any CPU
	EndGlobalSection
	GlobalSection(ProjectConfigurationPlatforms) = postSolution
		{710A07D2-9BC7-4B99-A3A7-7FB1339E8A11}.Debug|Any CPU.ActiveCfg = Debug|Any CPU
		{710A07D2-9BC7-4B99-A3A7-7FB1339E8A11}.Debug|Any CPU.Build.0 = Debug|Any CPU
		{710A07D2-9BC7-4B99-A3A7-7FB1339E8A11}.Release|Any CPU.ActiveCfg = Release|Any CPU
		{710A07D2-9BC7-4B99-A3A7-7FB1339E8A11}.Release|Any CPU.Build.0 = Release|Any CPU
	EndGlobalSection
	GlobalSection(SolutionProperties) = preSolution
		HideSolutionNode = FALSE
	EndGlobalSection
	GlobalSection(ExtensibilityGlobals) = postSolution
		SolutionGuid = {EA81BF09-3B22-4128-9E75-ED4118BA4756}
	EndGlobalSection
EndGlobal
